
Microsoft Visual Studio Solution File, Format Version 12.00
# Visual Studio Version 17
VisualStudioVersion = 17.2.32616.157
MinimumVisualStudioVersion = 10.0.40219.1
Project("{FAE04EC0-301F-11D3-BF4B-00C04F79EFBC}") = "DesafioStone", "DesafioStone\DesafioStone.csproj", "{BCE78A7B-027C-46EE-9FEA-989FC446597A}"
EndProject
Global
	GlobalSection(SolutionConfigurationPlatforms) = preSolution
		Debug|Any CPU = Debug|Any CPU
		Release|Any CPU = Release|Any CPU
	EndGlobalSection
	GlobalSection(ProjectConfigurationPlatforms) = postSolution
		{BCE78A7B-027C-46EE-9FEA-989FC446597A}.Debug|Any CPU.ActiveCfg = Debug|Any CPU
		{BCE78A7B-027C-46EE-9FEA-989FC446597A}.Debug|Any CPU.Build.0 = Debug|Any CPU
		{BCE78A7B-027C-46EE-9FEA-989FC446597A}.Release|Any CPU.ActiveCfg = Release|Any CPU
		{BCE78A7B-027C-46EE-9FEA-989FC446597A}.Release|Any CPU.Build.0 = Release|Any CPU
	EndGlobalSection
	GlobalSection(SolutionProperties) = preSolution
		HideSolutionNode = FALSE
	EndGlobalSection
	GlobalSection(ExtensibilityGlobals) = postSolution
		SolutionGuid = {0842FF53-06F5-4A91-A834-6FECE3DACA75}
	EndGlobalSection
EndGlobal
